# This file was autogenerated by Stack.
# You should not edit this file by hand.
# For more information, please see the documentation at:
#   https://docs.haskellstack.org/en/stable/lock_files

packages:
- completed:
    hackage: search-algorithms-0.3.2@sha256:9d224b9c6b5875598e6fc91497a178f3ca6e45768c637d07d4f874e6211a331b,2203
    pantry-tree:
      size: 557
      sha256: 43e9d4344d57a3bad78f67d085156531e0a9b38a14dce9f5137940561fdb3582
  original:
    hackage: search-algorithms-0.3.2
snapshots:
- completed:
    size: 586106
    url: https://raw.githubusercontent.com/commercialhaskell/stackage-snapshots/master/lts/18/20.yaml
    sha256: 8699812d2b2c1f83d6ad1261de9cf628ed36a1cfc14f19d67188e005e7a3a39d
  original:
    url: https://raw.githubusercontent.com/commercialhaskell/stackage-snapshots/master/lts/18/20.yaml
